
Microsoft Visual Studio Solution File, Format Version 12.00
# Visual Studio Version 17
VisualStudioVersion = 17.3.32825.248
MinimumVisualStudioVersion = 10.0.40219.1
Project("{9A19103F-16F7-4668-BE54-9A1E7A4F7556}") = "BusinessLayer", "..\..\..\SchoolResultManager\SchoolResultManager\BusinessLayer\BusinessLayer.csproj", "{07AF9A37-29C1-463E-9475-745D8DB69306}"
EndProject
Project("{9A19103F-16F7-4668-BE54-9A1E7A4F7556}") = "DataAccessLayer", "..\..\..\SchoolResultManager\SchoolResultManager\DataAccessLayer\DataAccessLayer.csproj", "{09A87E86-60D9-48B0-9A05-333B048ED2DE}"
EndProject
Project("{FAE04EC0-301F-11D3-BF4B-00C04F79EFBC}") = "Web.UI", "Web.UI\Web.UI.csproj", "{052A9591-93B4-4D78-8980-C569BEB2012A}"
EndProject
Global
	GlobalSection(SolutionConfigurationPlatforms) = preSolution
		Debug|Any CPU = Debug|Any CPU
		Release|Any CPU = Release|Any CPU
	EndGlobalSection
	GlobalSection(ProjectConfigurationPlatforms) = postSolution
		{07AF9A37-29C1-463E-9475-745D8DB69306}.Debug|Any CPU.ActiveCfg = Debug|Any CPU
		{07AF9A37-29C1-463E-9475-745D8DB69306}.Debug|Any CPU.Build.0 = Debug|Any CPU
		{07AF9A37-29C1-463E-9475-745D8DB69306}.Release|Any CPU.ActiveCfg = Release|Any CPU
		{07AF9A37-29C1-463E-9475-745D8DB69306}.Release|Any CPU.Build.0 = Release|Any CPU
		{09A87E86-60D9-48B0-9A05-333B048ED2DE}.Debug|Any CPU.ActiveCfg = Debug|Any CPU
		{09A87E86-60D9-48B0-9A05-333B048ED2DE}.Debug|Any CPU.Build.0 = Debug|Any CPU
		{09A87E86-60D9-48B0-9A05-333B048ED2DE}.Release|Any CPU.ActiveCfg = Release|Any CPU
		{09A87E86-60D9-48B0-9A05-333B048ED2DE}.Release|Any CPU.Build.0 = Release|Any CPU
		{052A9591-93B4-4D78-8980-C569BEB2012A}.Debug|Any CPU.ActiveCfg = Debug|Any CPU
		{052A9591-93B4-4D78-8980-C569BEB2012A}.Debug|Any CPU.Build.0 = Debug|Any CPU
		{052A9591-93B4-4D78-8980-C569BEB2012A}.Release|Any CPU.ActiveCfg = Release|Any CPU
		{052A9591-93B4-4D78-8980-C569BEB2012A}.Release|Any CPU.Build.0 = Release|Any CPU
	EndGlobalSection
	GlobalSection(SolutionProperties) = preSolution
		HideSolutionNode = FALSE
	EndGlobalSection
	GlobalSection(ExtensibilityGlobals) = postSolution
		SolutionGuid = {13AC4915-9F3C-4C3A-AEDD-D75BD9C97792}
	EndGlobalSection
EndGlobal
